{
  "version": "3",
  "packages": {
    "specifiers": {
      "jsr:@std/assert@^0.222.1": "jsr:@std/assert@0.222.1",
      "jsr:@std/assert@^0.224.0": "jsr:@std/assert@0.224.0",
      "jsr:@std/cli@^0.222.1": "jsr:@std/cli@0.222.1",
      "jsr:@std/dotenv": "jsr:@std/dotenv@0.224.0",
      "jsr:@std/encoding": "jsr:@std/encoding@0.224.0",
      "jsr:@std/encoding@^0.222.1": "jsr:@std/encoding@0.222.1",
      "jsr:@std/fmt@^0.222.1": "jsr:@std/fmt@0.222.1",
      "jsr:@std/fs": "jsr:@std/fs@0.224.0",
      "jsr:@std/http": "jsr:@std/http@0.222.1",
      "jsr:@std/media-types@^0.222.1": "jsr:@std/media-types@0.222.1",
      "jsr:@std/path": "jsr:@std/path@0.224.0",
      "jsr:@std/path@^0.222.1": "jsr:@std/path@0.222.1",
      "jsr:@std/streams@^0.222.1": "jsr:@std/streams@0.222.1",
      "npm:deno-vm": "npm:deno-vm@0.12.0",
      "npm:deno-vm@0.12.0": "npm:deno-vm@0.12.0"
    },
    "jsr": {
      "@std/assert@0.222.1": {
        "integrity": "691637161ee584a9919d1f9950ddd1272feb8e0a19e83aa5b7563cedaf73d74c"
      },
      "@std/assert@0.224.0": {
        "integrity": "8643233ec7aec38a940a8264a6e3eed9bfa44e7a71cc6b3c8874213ff401967f"
      },
      "@std/cli@0.222.1": {
        "integrity": "18b3c15840d68dc588db53613e0e9b196e30e33ea2a2906624c991c008421ffa",
        "dependencies": [
          "jsr:@std/assert@^0.222.1"
        ]
      },
      "@std/dotenv@0.224.0": {
        "integrity": "d9234cdf551507dcda60abb6c474289843741d8c07ee8ce540c60f5c1b220a1d"
      },
      "@std/encoding@0.222.1": {
        "integrity": "fb6c1d38722feebc8d4a5efa3eb2039ecec0d50d053186240484d0c4a4ce1006"
      },
      "@std/encoding@0.224.0": {
        "integrity": "efb6dca97d3e9c31392bd5c8cfd9f9fc9decf5a1f4d1f78af7900a493bcf89b5"
      },
      "@std/fmt@0.222.1": {
        "integrity": "ec3382f9b0261c1ab1a5c804aa355d816515fa984cdd827ed32edfb187c0a722"
      },
      "@std/fs@0.224.0": {
        "integrity": "52a5ec89731ac0ca8f971079339286f88c571a4d61686acf75833f03a89d8e69"
      },
      "@std/http@0.222.1": {
        "integrity": "a3c731ec6040927aa37d8378b9e6b467e2e3068c1f97838a6e79ee3bdc103521",
        "dependencies": [
          "jsr:@std/cli@^0.222.1",
          "jsr:@std/encoding@^0.222.1",
          "jsr:@std/fmt@^0.222.1",
          "jsr:@std/media-types@^0.222.1",
          "jsr:@std/path@^0.222.1",
          "jsr:@std/streams@^0.222.1"
        ]
      },
      "@std/media-types@0.222.1": {
        "integrity": "147cbd7f29fb4480625ccdad679637f945437f455534049eb7c95977b973a137"
      },
      "@std/path@0.222.1": {
        "integrity": "aad3e9463ca53b0adb25b4d5beb330025674aaa3278da24c1c261d9289a9e48b",
        "dependencies": [
          "jsr:@std/assert@^0.222.1"
        ]
      },
      "@std/path@0.224.0": {
        "integrity": "55bca6361e5a6d158b9380e82d4981d82d338ec587de02951e2b7c3a24910ee6",
        "dependencies": [
          "jsr:@std/assert@^0.224.0"
        ]
      },
      "@std/streams@0.222.1": {
        "integrity": "0bb4220c1dc5106e45a309179f76df95c786c9fff814d195d5ee2160931bfc7c",
        "dependencies": [
          "jsr:@std/assert@^0.222.1"
        ]
      }
    },
    "npm": {
      "base64-js@1.5.1": {
        "integrity": "sha512-AKpaYlHn8t4SVbOHCy+b5+KKgvR4vrsD8vbvrbiQJps7fKDTkjkDry6ji0rUJjC0kzbNePLwzxq8iypo41qeWA==",
        "dependencies": {}
      },
      "deno-vm@0.12.0": {
        "integrity": "sha512-JcQroHIjemG7kwADvdW9mjVqSuCsTHyQbL8INwZFAch+kKNUvhWiDcBG3KBCSeIRoErW3MoU5/7riPyimzTFUg==",
        "dependencies": {
          "base64-js": "base64-js@1.5.1",
          "ws": "ws@7.5.9"
        }
      },
      "ws@7.5.9": {
        "integrity": "sha512-F+P9Jil7UiSKSkppIiD94dN07AwvFixvLIj1Og1Rl9GGMuNipJnV9JzjD6XuqmAeiswGvUmNLjr5cFuXwNS77Q==",
        "dependencies": {}
      }
    }
  },
  "remote": {},
  "workspace": {
    "dependencies": [
      "npm:deno-vm@0.12.0"
    ]
  }
}
