{
  "version": "5",
  "specifiers": {
    "jsr:@smallweb/sandbox@0.1.0": "0.1.0",
    "jsr:@std/encoding@1.0.8": "1.0.8",
    "jsr:@std/html@1.0.3": "1.0.3",
    "jsr:@std/http@1.0.12": "1.0.12",
    "npm:hono@4.6.13": "4.6.13"
  },
  "jsr": {
    "@smallweb/sandbox@0.1.0": {
      "integrity": "840a6120563b20be994fdac3fa858d2cc2e815c6f9b5ea8f14bd02ddd7f71be8",
      "dependencies": [
        "jsr:@std/encoding",
        "jsr:@std/html",
        "jsr:@std/http"
      ]
    },
    "@smallweb/sandbox@0.1.1": {
      "integrity": "e90d4f3ca3abbc5b765e29ab90f12cc4e6c8754ec4311bc296ccf6240053f3e6",
      "dependencies": [
        "jsr:@std/encoding",
        "jsr:@std/html",
        "jsr:@std/http"
      ]
    },
    "@std/encoding@1.0.8": {
      "integrity": "a6c8f3f933ab1bed66244f435d1dc0fd23a888e07195532122ddc3d5f8f0e6b4"
    },
    "@std/html@1.0.3": {
      "integrity": "7a0ac35e050431fb49d44e61c8b8aac1ebd55937e0dc9ec6409aa4bab39a7988"
    },
    "@std/http@1.0.12": {
      "integrity": "85246d8bfe9c8e2538518725b158bdc31f616e0869255f4a8d9e3de919cab2aa"
    }
  },
  "npm": {
    "hono@4.6.13": {
      "integrity": "sha512-haV0gaMdSjy9URCRN9hxBPlqHa7fMm/T72kAImIxvw4eQLbNz1rgjN4hHElLJSieDiNuiIAXC//cC6YGz2KCbg=="
    }
  },
  "workspace": {
    "dependencies": [
      "npm:hono@4.6.13"
    ]
  }
}
